# This file is automatically @generated by Cargo.
# It is not intended for manual editing.
version = 4

[[package]]
name = "vux9k_emu"
version = "0.1.0"

[[package]]
name = "vux9k_emu_cli"
version = "0.1.0"
dependencies = [
 "vux9k_emu",
]

[[package]]
name = "vux9k_emu_py"
version = "0.1.0"
dependencies = [
 "vux9k_emu",
]
